
Microsoft Visual Studio Solution File, Format Version 12.00
# Visual Studio Version 17
VisualStudioVersion = 17.13.35828.75 d17.13
MinimumVisualStudioVersion = 10.0.40219.1
Project("{FAE04EC0-301F-11D3-BF4B-00C04F79EFBC}") = "StringLibrary", "StringLibrary\StringLibrary.csproj", "{773AE265-18DD-4DDD-863E-2482173E841D}"
EndProject
Project("{FAE04EC0-301F-11D3-BF4B-00C04F79EFBC}") = "ShowCase", "ShowCase\ShowCase.csproj", "{78B8C5A8-29C6-4849-BBAE-5A4756926051}"
EndProject
Global
	GlobalSection(SolutionConfigurationPlatforms) = preSolution
		Debug|Any CPU = Debug|Any CPU
		Release|Any CPU = Release|Any CPU
	EndGlobalSection
	GlobalSection(ProjectConfigurationPlatforms) = postSolution
		{773AE265-18DD-4DDD-863E-2482173E841D}.Debug|Any CPU.ActiveCfg = Debug|Any CPU
		{773AE265-18DD-4DDD-863E-2482173E841D}.Debug|Any CPU.Build.0 = Debug|Any CPU
		{773AE265-18DD-4DDD-863E-2482173E841D}.Release|Any CPU.ActiveCfg = Release|Any CPU
		{773AE265-18DD-4DDD-863E-2482173E841D}.Release|Any CPU.Build.0 = Release|Any CPU
		{78B8C5A8-29C6-4849-BBAE-5A4756926051}.Debug|Any CPU.ActiveCfg = Debug|Any CPU
		{78B8C5A8-29C6-4849-BBAE-5A4756926051}.Debug|Any CPU.Build.0 = Debug|Any CPU
		{78B8C5A8-29C6-4849-BBAE-5A4756926051}.Release|Any CPU.ActiveCfg = Release|Any CPU
		{78B8C5A8-29C6-4849-BBAE-5A4756926051}.Release|Any CPU.Build.0 = Release|Any CPU
	EndGlobalSection
	GlobalSection(SolutionProperties) = preSolution
		HideSolutionNode = FALSE
	EndGlobalSection
	GlobalSection(ExtensibilityGlobals) = postSolution
		SolutionGuid = {BFB2E92F-6316-4733-9630-68C0FA4B7729}
	EndGlobalSection
EndGlobal
